{
  "requires": true,
  "lockfileVersion": 1,
  "dependencies": {
    "@ionic/pwa-elements": {
      "version": "1.4.1",
      "resolved": "https://registry.npmjs.org/@ionic/pwa-elements/-/pwa-elements-1.4.1.tgz",
      "integrity": "sha512-rGSv+aLb+z9zkjVn1KSfvNDRGBvg2T2KDCYYAMgdNLTUXjq69kphN4dvvnUpx7xtubdjMmKp5FryhqdlJTWLow=="
    },
    "@ionic/react-hooks": {
      "version": "0.0.6",
      "resolved": "https://registry.npmjs.org/@ionic/react-hooks/-/react-hooks-0.0.6.tgz",
      "integrity": "sha512-avPyzufhBZlg9KxpEEA+jNedcfJHY52PreFziRDlw27K/CR9Z9jRL/62nE/3+N2OT2b1PYQM+Hb7BRVTKpqruQ=="
    }
  }
}
